
Microsoft Visual Studio Solution File, Format Version 12.00
# Visual Studio 2013
VisualStudioVersion = 12.0.30501.0
MinimumVisualStudioVersion = 10.0.40219.1
Project("{FAE04EC0-301F-11D3-BF4B-00C04F79EFBC}") = "ClosestStore", "ClosestStore\ClosestStore.csproj", "{13B30616-BFD7-4311-B144-75DCC45889A5}"
EndProject
Project("{FAE04EC0-301F-11D3-BF4B-00C04F79EFBC}") = "ClosestStoreTests", "ClosestStoreTests\ClosestStoreTests.csproj", "{9B1F7286-2BAB-4515-8368-6D44F50C72FA}"
EndProject
Global
	GlobalSection(SolutionConfigurationPlatforms) = preSolution
		Debug|Any CPU = Debug|Any CPU
		Release|Any CPU = Release|Any CPU
	EndGlobalSection
	GlobalSection(ProjectConfigurationPlatforms) = postSolution
		{13B30616-BFD7-4311-B144-75DCC45889A5}.Debug|Any CPU.ActiveCfg = Debug|Any CPU
		{13B30616-BFD7-4311-B144-75DCC45889A5}.Debug|Any CPU.Build.0 = Debug|Any CPU
		{13B30616-BFD7-4311-B144-75DCC45889A5}.Release|Any CPU.ActiveCfg = Release|Any CPU
		{13B30616-BFD7-4311-B144-75DCC45889A5}.Release|Any CPU.Build.0 = Release|Any CPU
		{9B1F7286-2BAB-4515-8368-6D44F50C72FA}.Debug|Any CPU.ActiveCfg = Debug|Any CPU
		{9B1F7286-2BAB-4515-8368-6D44F50C72FA}.Debug|Any CPU.Build.0 = Debug|Any CPU
		{9B1F7286-2BAB-4515-8368-6D44F50C72FA}.Release|Any CPU.ActiveCfg = Release|Any CPU
		{9B1F7286-2BAB-4515-8368-6D44F50C72FA}.Release|Any CPU.Build.0 = Release|Any CPU
	EndGlobalSection
	GlobalSection(SolutionProperties) = preSolution
		HideSolutionNode = FALSE
	EndGlobalSection
EndGlobal
